PODS:
  - Firebase (2.4.3)
  - JSQMessagesViewController (6.1.3):
    - JSQSystemSoundPlayer (~> 2.0.1)
  - JSQSystemSoundPlayer (2.0.1)

DEPENDENCIES:
  - Firebase (>= 2.4.3)
  - JSQMessagesViewController (= 6.1.3)

SPEC CHECKSUMS:
  Firebase: 48179995b561e2262c5d4060ecdffca45fbbff8b
  JSQMessagesViewController: 31b79ac9547e060ba96413eb2e1b2ee5260f5189
  JSQSystemSoundPlayer: c5850e77a4363ffd374cd851154b9af93264ed8d

COCOAPODS: 0.39.0
